
Microsoft Visual Studio Solution File, Format Version 12.00
# Visual Studio Version 17
VisualStudioVersion = 17.9.34723.18
MinimumVisualStudioVersion = 10.0.40219.1
Project("{9A19103F-16F7-4668-BE54-9A1E7A4F7556}") = "Python Öğreniyorum", "Python Öğreniyorum.csproj", "{BB53A7D4-BF05-435E-AFD9-6A186CF2575C}"
EndProject
Global
	GlobalSection(SolutionConfigurationPlatforms) = preSolution
		Debug|Any CPU = Debug|Any CPU
		Release|Any CPU = Release|Any CPU
	EndGlobalSection
	GlobalSection(ProjectConfigurationPlatforms) = postSolution
		{BB53A7D4-BF05-435E-AFD9-6A186CF2575C}.Debug|Any CPU.ActiveCfg = Release|Any CPU
		{BB53A7D4-BF05-435E-AFD9-6A186CF2575C}.Debug|Any CPU.Build.0 = Release|Any CPU
		{BB53A7D4-BF05-435E-AFD9-6A186CF2575C}.Release|Any CPU.ActiveCfg = Release|Any CPU
		{BB53A7D4-BF05-435E-AFD9-6A186CF2575C}.Release|Any CPU.Build.0 = Release|Any CPU
	EndGlobalSection
	GlobalSection(SolutionProperties) = preSolution
		HideSolutionNode = FALSE
	EndGlobalSection
	GlobalSection(ExtensibilityGlobals) = postSolution
		SolutionGuid = {1E77C3AD-685B-4157-AD64-3D55E4E668BE}
	EndGlobalSection
EndGlobal
